
Microsoft Visual Studio Solution File, Format Version 12.00
# Visual Studio 14
VisualStudioVersion = 14.0.25420.1
MinimumVisualStudioVersion = 10.0.40219.1
Project("{FAE04EC0-301F-11D3-BF4B-00C04F79EFBC}") = "WebApplication", "WebApplication\WebApplication.csproj", "{CE4C5D0C-EC20-454F-8223-7755E1EE8B0B}"
EndProject
Project("{FAE04EC0-301F-11D3-BF4B-00C04F79EFBC}") = "DataLib", "DataLib\DataLib.csproj", "{59636ED1-650E-4319-AABE-AED047A9FEB5}"
EndProject
Project("{FAE04EC0-301F-11D3-BF4B-00C04F79EFBC}") = "DatabaseDebugConsole", "DatabaseDebugConsole\DatabaseDebugConsole.csproj", "{22B7428C-FDBC-4609-A75F-34FBB7CA69C9}"
EndProject
Project("{FAE04EC0-301F-11D3-BF4B-00C04F79EFBC}") = "Tournament.Structure", "Tournament.Structure\Tournament.Structure.csproj", "{2DE53F49-9B50-489D-8FE3-8FC10E1EFD57}"
EndProject
Project("{FAE04EC0-301F-11D3-BF4B-00C04F79EFBC}") = "Tournament.Structure.Tests", "Tournament.Structure.Tests\Tournament.Structure.Tests.csproj", "{CADCED70-A71A-4E6B-BA93-F2617B0A9426}"
EndProject
Project("{FAE04EC0-301F-11D3-BF4B-00C04F79EFBC}") = "WebApplication.Tests", "WebApplication.Tests\WebApplication.Tests.csproj", "{CB4399E5-CE12-4B50-94AE-75947533A530}"
EndProject
Project("{FAE04EC0-301F-11D3-BF4B-00C04F79EFBC}") = "DataLib.Tests", "DataLib.Tests\DataLib.Tests.csproj", "{784968E0-C7A8-452E-824E-C56EFC0B26A2}"
EndProject
Project("{00D1A9C2-B5F0-4AF3-8072-F6C62B433612}") = "VictoriousDatabase", "VictoriousDatabase\VictoriousDatabase.sqlproj", "{7AB5EBBF-2D14-40C3-9B88-A17744EB35B5}"
EndProject
Project("{FAE04EC0-301F-11D3-BF4B-00C04F79EFBC}") = "DatabaseLib", "DatabaseLib\DatabaseLib.csproj", "{977C6746-CA5D-49C7-B996-357507BC45CB}"
EndProject
Project("{FAE04EC0-301F-11D3-BF4B-00C04F79EFBC}") = "DatabaseLib.Tests", "DatabaseLib.Tests\DatabaseLib.Tests.csproj", "{ACF45A8F-720F-45ED-AD50-EB014189A1E0}"
EndProject
Global
	GlobalSection(SolutionConfigurationPlatforms) = preSolution
		Debug|Any CPU = Debug|Any CPU
		Debug|ARM = Debug|ARM
		Debug|x64 = Debug|x64
		Debug|x86 = Debug|x86
		Release|Any CPU = Release|Any CPU
		Release|ARM = Release|ARM
		Release|x64 = Release|x64
		Release|x86 = Release|x86
	EndGlobalSection
	GlobalSection(ProjectConfigurationPlatforms) = postSolution
		{CE4C5D0C-EC20-454F-8223-7755E1EE8B0B}.Debug|Any CPU.ActiveCfg = Debug|Any CPU
		{CE4C5D0C-EC20-454F-8223-7755E1EE8B0B}.Debug|Any CPU.Build.0 = Debug|Any CPU
		{CE4C5D0C-EC20-454F-8223-7755E1EE8B0B}.Debug|ARM.ActiveCfg = Debug|Any CPU
		{CE4C5D0C-EC20-454F-8223-7755E1EE8B0B}.Debug|ARM.Build.0 = Debug|Any CPU
		{CE4C5D0C-EC20-454F-8223-7755E1EE8B0B}.Debug|x64.ActiveCfg = Debug|Any CPU
		{CE4C5D0C-EC20-454F-8223-7755E1EE8B0B}.Debug|x64.Build.0 = Debug|Any CPU
		{CE4C5D0C-EC20-454F-8223-7755E1EE8B0B}.Debug|x86.ActiveCfg = Debug|Any CPU
		{CE4C5D0C-EC20-454F-8223-7755E1EE8B0B}.Debug|x86.Build.0 = Debug|Any CPU
		{CE4C5D0C-EC20-454F-8223-7755E1EE8B0B}.Release|Any CPU.ActiveCfg = Release|Any CPU
		{CE4C5D0C-EC20-454F-8223-7755E1EE8B0B}.Release|Any CPU.Build.0 = Release|Any CPU
		{CE4C5D0C-EC20-454F-8223-7755E1EE8B0B}.Release|ARM.ActiveCfg = Release|Any CPU
		{CE4C5D0C-EC20-454F-8223-7755E1EE8B0B}.Release|ARM.Build.0 = Release|Any CPU
		{CE4C5D0C-EC20-454F-8223-7755E1EE8B0B}.Release|x64.ActiveCfg = Release|Any CPU
		{CE4C5D0C-EC20-454F-8223-7755E1EE8B0B}.Release|x64.Build.0 = Release|Any CPU
		{CE4C5D0C-EC20-454F-8223-7755E1EE8B0B}.Release|x86.ActiveCfg = Release|Any CPU
		{CE4C5D0C-EC20-454F-8223-7755E1EE8B0B}.Release|x86.Build.0 = Release|Any CPU
		{59636ED1-650E-4319-AABE-AED047A9FEB5}.Debug|Any CPU.ActiveCfg = Debug|Any CPU
		{59636ED1-650E-4319-AABE-AED047A9FEB5}.Debug|Any CPU.Build.0 = Debug|Any CPU
		{59636ED1-650E-4319-AABE-AED047A9FEB5}.Debug|ARM.ActiveCfg = Debug|Any CPU
		{59636ED1-650E-4319-AABE-AED047A9FEB5}.Debug|ARM.Build.0 = Debug|Any CPU
		{59636ED1-650E-4319-AABE-AED047A9FEB5}.Debug|x64.ActiveCfg = Debug|Any CPU
		{59636ED1-650E-4319-AABE-AED047A9FEB5}.Debug|x64.Build.0 = Debug|Any CPU
		{59636ED1-650E-4319-AABE-AED047A9FEB5}.Debug|x86.ActiveCfg = Debug|Any CPU
		{59636ED1-650E-4319-AABE-AED047A9FEB5}.Debug|x86.Build.0 = Debug|Any CPU
		{59636ED1-650E-4319-AABE-AED047A9FEB5}.Release|Any CPU.ActiveCfg = Release|Any CPU
		{59636ED1-650E-4319-AABE-AED047A9FEB5}.Release|Any CPU.Build.0 = Release|Any CPU
		{59636ED1-650E-4319-AABE-AED047A9FEB5}.Release|ARM.ActiveCfg = Release|Any CPU
		{59636ED1-650E-4319-AABE-AED047A9FEB5}.Release|ARM.Build.0 = Release|Any CPU
		{59636ED1-650E-4319-AABE-AED047A9FEB5}.Release|x64.ActiveCfg = Release|Any CPU
		{59636ED1-650E-4319-AABE-AED047A9FEB5}.Release|x64.Build.0 = Release|Any CPU
		{59636ED1-650E-4319-AABE-AED047A9FEB5}.Release|x86.ActiveCfg = Release|Any CPU
		{59636ED1-650E-4319-AABE-AED047A9FEB5}.Release|x86.Build.0 = Release|Any CPU
		{22B7428C-FDBC-4609-A75F-34FBB7CA69C9}.Debug|Any CPU.ActiveCfg = Debug|Any CPU
		{22B7428C-FDBC-4609-A75F-34FBB7CA69C9}.Debug|Any CPU.Build.0 = Debug|Any CPU
		{22B7428C-FDBC-4609-A75F-34FBB7CA69C9}.Debug|ARM.ActiveCfg = Debug|Any CPU
		{22B7428C-FDBC-4609-A75F-34FBB7CA69C9}.Debug|x64.ActiveCfg = Debug|Any CPU
		{22B7428C-FDBC-4609-A75F-34FBB7CA69C9}.Debug|x86.ActiveCfg = Debug|Any CPU
		{22B7428C-FDBC-4609-A75F-34FBB7CA69C9}.Release|Any CPU.ActiveCfg = Release|Any CPU
		{22B7428C-FDBC-4609-A75F-34FBB7CA69C9}.Release|Any CPU.Build.0 = Release|Any CPU
		{22B7428C-FDBC-4609-A75F-34FBB7CA69C9}.Release|ARM.ActiveCfg = Release|Any CPU
		{22B7428C-FDBC-4609-A75F-34FBB7CA69C9}.Release|x64.ActiveCfg = Release|Any CPU
		{22B7428C-FDBC-4609-A75F-34FBB7CA69C9}.Release|x86.ActiveCfg = Release|Any CPU
		{2DE53F49-9B50-489D-8FE3-8FC10E1EFD57}.Debug|Any CPU.ActiveCfg = Debug|Any CPU
		{2DE53F49-9B50-489D-8FE3-8FC10E1EFD57}.Debug|Any CPU.Build.0 = Debug|Any CPU
		{2DE53F49-9B50-489D-8FE3-8FC10E1EFD57}.Debug|ARM.ActiveCfg = Debug|Any CPU
		{2DE53F49-9B50-489D-8FE3-8FC10E1EFD57}.Debug|ARM.Build.0 = Debug|Any CPU
		{2DE53F49-9B50-489D-8FE3-8FC10E1EFD57}.Debug|x64.ActiveCfg = Debug|Any CPU
		{2DE53F49-9B50-489D-8FE3-8FC10E1EFD57}.Debug|x64.Build.0 = Debug|Any CPU
		{2DE53F49-9B50-489D-8FE3-8FC10E1EFD57}.Debug|x86.ActiveCfg = Debug|Any CPU
		{2DE53F49-9B50-489D-8FE3-8FC10E1EFD57}.Debug|x86.Build.0 = Debug|Any CPU
		{2DE53F49-9B50-489D-8FE3-8FC10E1EFD57}.Release|Any CPU.ActiveCfg = Release|Any CPU
		{2DE53F49-9B50-489D-8FE3-8FC10E1EFD57}.Release|Any CPU.Build.0 = Release|Any CPU
		{2DE53F49-9B50-489D-8FE3-8FC10E1EFD57}.Release|ARM.ActiveCfg = Release|Any CPU
		{2DE53F49-9B50-489D-8FE3-8FC10E1EFD57}.Release|ARM.Build.0 = Release|Any CPU
		{2DE53F49-9B50-489D-8FE3-8FC10E1EFD57}.Release|x64.ActiveCfg = Release|Any CPU
		{2DE53F49-9B50-489D-8FE3-8FC10E1EFD57}.Release|x64.Build.0 = Release|Any CPU
		{2DE53F49-9B50-489D-8FE3-8FC10E1EFD57}.Release|x86.ActiveCfg = Release|Any CPU
		{2DE53F49-9B50-489D-8FE3-8FC10E1EFD57}.Release|x86.Build.0 = Release|Any CPU
		{CADCED70-A71A-4E6B-BA93-F2617B0A9426}.Debug|Any CPU.ActiveCfg = Debug|Any CPU
		{CADCED70-A71A-4E6B-BA93-F2617B0A9426}.Debug|Any CPU.Build.0 = Debug|Any CPU
		{CADCED70-A71A-4E6B-BA93-F2617B0A9426}.Debug|ARM.ActiveCfg = Debug|Any CPU
		{CADCED70-A71A-4E6B-BA93-F2617B0A9426}.Debug|ARM.Build.0 = Debug|Any CPU
		{CADCED70-A71A-4E6B-BA93-F2617B0A9426}.Debug|x64.ActiveCfg = Debug|Any CPU
		{CADCED70-A71A-4E6B-BA93-F2617B0A9426}.Debug|x64.Build.0 = Debug|Any CPU
		{CADCED70-A71A-4E6B-BA93-F2617B0A9426}.Debug|x86.ActiveCfg = Debug|Any CPU
		{CADCED70-A71A-4E6B-BA93-F2617B0A9426}.Debug|x86.Build.0 = Debug|Any CPU
		{CADCED70-A71A-4E6B-BA93-F2617B0A9426}.Release|Any CPU.ActiveCfg = Release|Any CPU
		{CADCED70-A71A-4E6B-BA93-F2617B0A9426}.Release|Any CPU.Build.0 = Release|Any CPU
		{CADCED70-A71A-4E6B-BA93-F2617B0A9426}.Release|ARM.ActiveCfg = Release|Any CPU
		{CADCED70-A71A-4E6B-BA93-F2617B0A9426}.Release|ARM.Build.0 = Release|Any CPU
		{CADCED70-A71A-4E6B-BA93-F2617B0A9426}.Release|x64.ActiveCfg = Release|Any CPU
		{CADCED70-A71A-4E6B-BA93-F2617B0A9426}.Release|x64.Build.0 = Release|Any CPU
		{CADCED70-A71A-4E6B-BA93-F2617B0A9426}.Release|x86.ActiveCfg = Release|Any CPU
		{CADCED70-A71A-4E6B-BA93-F2617B0A9426}.Release|x86.Build.0 = Release|Any CPU
		{CB4399E5-CE12-4B50-94AE-75947533A530}.Debug|Any CPU.ActiveCfg = Debug|Any CPU
		{CB4399E5-CE12-4B50-94AE-75947533A530}.Debug|Any CPU.Build.0 = Debug|Any CPU
		{CB4399E5-CE12-4B50-94AE-75947533A530}.Debug|ARM.ActiveCfg = Debug|Any CPU
		{CB4399E5-CE12-4B50-94AE-75947533A530}.Debug|ARM.Build.0 = Debug|Any CPU
		{CB4399E5-CE12-4B50-94AE-75947533A530}.Debug|x64.ActiveCfg = Debug|Any CPU
		{CB4399E5-CE12-4B50-94AE-75947533A530}.Debug|x64.Build.0 = Debug|Any CPU
		{CB4399E5-CE12-4B50-94AE-75947533A530}.Debug|x86.ActiveCfg = Debug|Any CPU
		{CB4399E5-CE12-4B50-94AE-75947533A530}.Debug|x86.Build.0 = Debug|Any CPU
		{CB4399E5-CE12-4B50-94AE-75947533A530}.Release|Any CPU.ActiveCfg = Release|Any CPU
		{CB4399E5-CE12-4B50-94AE-75947533A530}.Release|Any CPU.Build.0 = Release|Any CPU
		{CB4399E5-CE12-4B50-94AE-75947533A530}.Release|ARM.ActiveCfg = Release|Any CPU
		{CB4399E5-CE12-4B50-94AE-75947533A530}.Release|ARM.Build.0 = Release|Any CPU
		{CB4399E5-CE12-4B50-94AE-75947533A530}.Release|x64.ActiveCfg = Release|Any CPU
		{CB4399E5-CE12-4B50-94AE-75947533A530}.Release|x64.Build.0 = Release|Any CPU
		{CB4399E5-CE12-4B50-94AE-75947533A530}.Release|x86.ActiveCfg = Release|Any CPU
		{CB4399E5-CE12-4B50-94AE-75947533A530}.Release|x86.Build.0 = Release|Any CPU
		{784968E0-C7A8-452E-824E-C56EFC0B26A2}.Debug|Any CPU.ActiveCfg = Debug|Any CPU
		{784968E0-C7A8-452E-824E-C56EFC0B26A2}.Debug|Any CPU.Build.0 = Debug|Any CPU
		{784968E0-C7A8-452E-824E-C56EFC0B26A2}.Debug|ARM.ActiveCfg = Debug|Any CPU
		{784968E0-C7A8-452E-824E-C56EFC0B26A2}.Debug|ARM.Build.0 = Debug|Any CPU
		{784968E0-C7A8-452E-824E-C56EFC0B26A2}.Debug|x64.ActiveCfg = Debug|Any CPU
		{784968E0-C7A8-452E-824E-C56EFC0B26A2}.Debug|x64.Build.0 = Debug|Any CPU
		{784968E0-C7A8-452E-824E-C56EFC0B26A2}.Debug|x86.ActiveCfg = Debug|Any CPU
		{784968E0-C7A8-452E-824E-C56EFC0B26A2}.Debug|x86.Build.0 = Debug|Any CPU
		{784968E0-C7A8-452E-824E-C56EFC0B26A2}.Release|Any CPU.ActiveCfg = Release|Any CPU
		{784968E0-C7A8-452E-824E-C56EFC0B26A2}.Release|Any CPU.Build.0 = Release|Any CPU
		{784968E0-C7A8-452E-824E-C56EFC0B26A2}.Release|ARM.ActiveCfg = Release|Any CPU
		{784968E0-C7A8-452E-824E-C56EFC0B26A2}.Release|ARM.Build.0 = Release|Any CPU
		{784968E0-C7A8-452E-824E-C56EFC0B26A2}.Release|x64.ActiveCfg = Release|Any CPU
		{784968E0-C7A8-452E-824E-C56EFC0B26A2}.Release|x64.Build.0 = Release|Any CPU
		{784968E0-C7A8-452E-824E-C56EFC0B26A2}.Release|x86.ActiveCfg = Release|Any CPU
		{784968E0-C7A8-452E-824E-C56EFC0B26A2}.Release|x86.Build.0 = Release|Any CPU
		{7AB5EBBF-2D14-40C3-9B88-A17744EB35B5}.Debug|Any CPU.ActiveCfg = Debug|Any CPU
		{7AB5EBBF-2D14-40C3-9B88-A17744EB35B5}.Debug|Any CPU.Build.0 = Debug|Any CPU
		{7AB5EBBF-2D14-40C3-9B88-A17744EB35B5}.Debug|Any CPU.Deploy.0 = Debug|Any CPU
		{7AB5EBBF-2D14-40C3-9B88-A17744EB35B5}.Debug|ARM.ActiveCfg = Debug|Any CPU
		{7AB5EBBF-2D14-40C3-9B88-A17744EB35B5}.Debug|ARM.Build.0 = Debug|Any CPU
		{7AB5EBBF-2D14-40C3-9B88-A17744EB35B5}.Debug|ARM.Deploy.0 = Debug|Any CPU
		{7AB5EBBF-2D14-40C3-9B88-A17744EB35B5}.Debug|x64.ActiveCfg = Debug|Any CPU
		{7AB5EBBF-2D14-40C3-9B88-A17744EB35B5}.Debug|x64.Build.0 = Debug|Any CPU
		{7AB5EBBF-2D14-40C3-9B88-A17744EB35B5}.Debug|x64.Deploy.0 = Debug|Any CPU
		{7AB5EBBF-2D14-40C3-9B88-A17744EB35B5}.Debug|x86.ActiveCfg = Debug|Any CPU
		{7AB5EBBF-2D14-40C3-9B88-A17744EB35B5}.Debug|x86.Build.0 = Debug|Any CPU
		{7AB5EBBF-2D14-40C3-9B88-A17744EB35B5}.Debug|x86.Deploy.0 = Debug|Any CPU
		{7AB5EBBF-2D14-40C3-9B88-A17744EB35B5}.Release|Any CPU.ActiveCfg = Release|Any CPU
		{7AB5EBBF-2D14-40C3-9B88-A17744EB35B5}.Release|Any CPU.Build.0 = Release|Any CPU
		{7AB5EBBF-2D14-40C3-9B88-A17744EB35B5}.Release|Any CPU.Deploy.0 = Release|Any CPU
		{7AB5EBBF-2D14-40C3-9B88-A17744EB35B5}.Release|ARM.ActiveCfg = Release|Any CPU
		{7AB5EBBF-2D14-40C3-9B88-A17744EB35B5}.Release|ARM.Build.0 = Release|Any CPU
		{7AB5EBBF-2D14-40C3-9B88-A17744EB35B5}.Release|ARM.Deploy.0 = Release|Any CPU
		{7AB5EBBF-2D14-40C3-9B88-A17744EB35B5}.Release|x64.ActiveCfg = Release|Any CPU
		{7AB5EBBF-2D14-40C3-9B88-A17744EB35B5}.Release|x64.Build.0 = Release|Any CPU
		{7AB5EBBF-2D14-40C3-9B88-A17744EB35B5}.Release|x64.Deploy.0 = Release|Any CPU
		{7AB5EBBF-2D14-40C3-9B88-A17744EB35B5}.Release|x86.ActiveCfg = Release|Any CPU
		{7AB5EBBF-2D14-40C3-9B88-A17744EB35B5}.Release|x86.Build.0 = Release|Any CPU
		{7AB5EBBF-2D14-40C3-9B88-A17744EB35B5}.Release|x86.Deploy.0 = Release|Any CPU
		{977C6746-CA5D-49C7-B996-357507BC45CB}.Debug|Any CPU.ActiveCfg = Debug|Any CPU
		{977C6746-CA5D-49C7-B996-357507BC45CB}.Debug|Any CPU.Build.0 = Debug|Any CPU
		{977C6746-CA5D-49C7-B996-357507BC45CB}.Debug|ARM.ActiveCfg = Debug|Any CPU
		{977C6746-CA5D-49C7-B996-357507BC45CB}.Debug|ARM.Build.0 = Debug|Any CPU
		{977C6746-CA5D-49C7-B996-357507BC45CB}.Debug|x64.ActiveCfg = Debug|Any CPU
		{977C6746-CA5D-49C7-B996-357507BC45CB}.Debug|x64.Build.0 = Debug|Any CPU
		{977C6746-CA5D-49C7-B996-357507BC45CB}.Debug|x86.ActiveCfg = Debug|Any CPU
		{977C6746-CA5D-49C7-B996-357507BC45CB}.Debug|x86.Build.0 = Debug|Any CPU
		{977C6746-CA5D-49C7-B996-357507BC45CB}.Release|Any CPU.ActiveCfg = Release|Any CPU
		{977C6746-CA5D-49C7-B996-357507BC45CB}.Release|Any CPU.Build.0 = Release|Any CPU
		{977C6746-CA5D-49C7-B996-357507BC45CB}.Release|ARM.ActiveCfg = Release|Any CPU
		{977C6746-CA5D-49C7-B996-357507BC45CB}.Release|ARM.Build.0 = Release|Any CPU
		{977C6746-CA5D-49C7-B996-357507BC45CB}.Release|x64.ActiveCfg = Release|Any CPU
		{977C6746-CA5D-49C7-B996-357507BC45CB}.Release|x64.Build.0 = Release|Any CPU
		{977C6746-CA5D-49C7-B996-357507BC45CB}.Release|x86.ActiveCfg = Release|Any CPU
		{977C6746-CA5D-49C7-B996-357507BC45CB}.Release|x86.Build.0 = Release|Any CPU
		{ACF45A8F-720F-45ED-AD50-EB014189A1E0}.Debug|Any CPU.ActiveCfg = Debug|Any CPU
		{ACF45A8F-720F-45ED-AD50-EB014189A1E0}.Debug|Any CPU.Build.0 = Debug|Any CPU
		{ACF45A8F-720F-45ED-AD50-EB014189A1E0}.Debug|ARM.ActiveCfg = Debug|Any CPU
		{ACF45A8F-720F-45ED-AD50-EB014189A1E0}.Debug|ARM.Build.0 = Debug|Any CPU
		{ACF45A8F-720F-45ED-AD50-EB014189A1E0}.Debug|x64.ActiveCfg = Debug|Any CPU
		{ACF45A8F-720F-45ED-AD50-EB014189A1E0}.Debug|x64.Build.0 = Debug|Any CPU
		{ACF45A8F-720F-45ED-AD50-EB014189A1E0}.Debug|x86.ActiveCfg = Debug|Any CPU
		{ACF45A8F-720F-45ED-AD50-EB014189A1E0}.Debug|x86.Build.0 = Debug|Any CPU
		{ACF45A8F-720F-45ED-AD50-EB014189A1E0}.Release|Any CPU.ActiveCfg = Release|Any CPU
		{ACF45A8F-720F-45ED-AD50-EB014189A1E0}.Release|Any CPU.Build.0 = Release|Any CPU
		{ACF45A8F-720F-45ED-AD50-EB014189A1E0}.Release|ARM.ActiveCfg = Release|Any CPU
		{ACF45A8F-720F-45ED-AD50-EB014189A1E0}.Release|ARM.Build.0 = Release|Any CPU
		{ACF45A8F-720F-45ED-AD50-EB014189A1E0}.Release|x64.ActiveCfg = Release|Any CPU
		{ACF45A8F-720F-45ED-AD50-EB014189A1E0}.Release|x64.Build.0 = Release|Any CPU
		{ACF45A8F-720F-45ED-AD50-EB014189A1E0}.Release|x86.ActiveCfg = Release|Any CPU
		{ACF45A8F-720F-45ED-AD50-EB014189A1E0}.Release|x86.Build.0 = Release|Any CPU
	EndGlobalSection
	GlobalSection(SolutionProperties) = preSolution
		HideSolutionNode = FALSE
	EndGlobalSection
EndGlobal
