
Microsoft Visual Studio Solution File, Format Version 12.00
# Visual Studio 14
VisualStudioVersion = 14.0.25420.1
MinimumVisualStudioVersion = 10.0.40219.1
Project("{FAE04EC0-301F-11D3-BF4B-00C04F79EFBC}") = "Tournament", "Tournament\Tournament.csproj", "{44165C54-471F-4697-A964-52D0B29007F1}"
EndProject
Project("{FAE04EC0-301F-11D3-BF4B-00C04F79EFBC}") = "WebApplication", "WebApplication\WebApplication.csproj", "{CE4C5D0C-EC20-454F-8223-7755E1EE8B0B}"
EndProject
Project("{FAE04EC0-301F-11D3-BF4B-00C04F79EFBC}") = "WebApplication.Tests", "WebApplication.Tests\WebApplication.Tests.csproj", "{CB4399E5-CE12-4B50-94AE-75947533A530}"
EndProject
Global
	GlobalSection(SolutionConfigurationPlatforms) = preSolution
		Debug|Any CPU = Debug|Any CPU
		Release|Any CPU = Release|Any CPU
	EndGlobalSection
	GlobalSection(ProjectConfigurationPlatforms) = postSolution
		{44165C54-471F-4697-A964-52D0B29007F1}.Debug|Any CPU.ActiveCfg = Debug|Any CPU
		{44165C54-471F-4697-A964-52D0B29007F1}.Debug|Any CPU.Build.0 = Debug|Any CPU
		{44165C54-471F-4697-A964-52D0B29007F1}.Release|Any CPU.ActiveCfg = Release|Any CPU
		{44165C54-471F-4697-A964-52D0B29007F1}.Release|Any CPU.Build.0 = Release|Any CPU
		{CE4C5D0C-EC20-454F-8223-7755E1EE8B0B}.Debug|Any CPU.ActiveCfg = Debug|Any CPU
		{CE4C5D0C-EC20-454F-8223-7755E1EE8B0B}.Debug|Any CPU.Build.0 = Debug|Any CPU
		{CE4C5D0C-EC20-454F-8223-7755E1EE8B0B}.Release|Any CPU.ActiveCfg = Release|Any CPU
		{CE4C5D0C-EC20-454F-8223-7755E1EE8B0B}.Release|Any CPU.Build.0 = Release|Any CPU
		{CB4399E5-CE12-4B50-94AE-75947533A530}.Debug|Any CPU.ActiveCfg = Debug|Any CPU
		{CB4399E5-CE12-4B50-94AE-75947533A530}.Debug|Any CPU.Build.0 = Debug|Any CPU
		{CB4399E5-CE12-4B50-94AE-75947533A530}.Release|Any CPU.ActiveCfg = Release|Any CPU
		{CB4399E5-CE12-4B50-94AE-75947533A530}.Release|Any CPU.Build.0 = Release|Any CPU
	EndGlobalSection
	GlobalSection(SolutionProperties) = preSolution
		HideSolutionNode = FALSE
	EndGlobalSection
EndGlobal
